
Microsoft Visual Studio Solution File, Format Version 12.00
# Visual Studio Version 16
VisualStudioVersion = 16.0.29613.14
MinimumVisualStudioVersion = 10.0.40219.1
Project("{FAE04EC0-301F-11D3-BF4B-00C04F79EFBC}") = "MassLogFinder", "MassLogFinder\MassLogFinder.csproj", "{14A22E9E-DEFB-497D-8566-055E43669922}"
EndProject
Global
	GlobalSection(SolutionConfigurationPlatforms) = preSolution
		Debug|Any CPU = Debug|Any CPU
		Release|Any CPU = Release|Any CPU
	EndGlobalSection
	GlobalSection(ProjectConfigurationPlatforms) = postSolution
		{14A22E9E-DEFB-497D-8566-055E43669922}.Debug|Any CPU.ActiveCfg = Debug|Any CPU
		{14A22E9E-DEFB-497D-8566-055E43669922}.Debug|Any CPU.Build.0 = Debug|Any CPU
		{14A22E9E-DEFB-497D-8566-055E43669922}.Release|Any CPU.ActiveCfg = Release|Any CPU
		{14A22E9E-DEFB-497D-8566-055E43669922}.Release|Any CPU.Build.0 = Release|Any CPU
	EndGlobalSection
	GlobalSection(SolutionProperties) = preSolution
		HideSolutionNode = FALSE
	EndGlobalSection
	GlobalSection(ExtensibilityGlobals) = postSolution
		SolutionGuid = {92FF1AD3-2CCE-4114-BE2A-3F6229458149}
	EndGlobalSection
EndGlobal
